
Microsoft Visual Studio Solution File, Format Version 12.00
# Visual Studio 15
VisualStudioVersion = 15.0.28307.1831
MinimumVisualStudioVersion = 10.0.40219.1
Project("{FAE04EC0-301F-11D3-BF4B-00C04F79EFBC}") = "WebApplication1", "WebApplication1\WebApplication1.csproj", "{3E965D04-C407-425E-A8D9-192D5871B349}"
EndProject
Global
	GlobalSection(SolutionConfigurationPlatforms) = preSolution
		Debug|Any CPU = Debug|Any CPU
		Release|Any CPU = Release|Any CPU
	EndGlobalSection
	GlobalSection(ProjectConfigurationPlatforms) = postSolution
		{3E965D04-C407-425E-A8D9-192D5871B349}.Debug|Any CPU.ActiveCfg = Debug|Any CPU
		{3E965D04-C407-425E-A8D9-192D5871B349}.Debug|Any CPU.Build.0 = Debug|Any CPU
		{3E965D04-C407-425E-A8D9-192D5871B349}.Release|Any CPU.ActiveCfg = Release|Any CPU
		{3E965D04-C407-425E-A8D9-192D5871B349}.Release|Any CPU.Build.0 = Release|Any CPU
	EndGlobalSection
	GlobalSection(SolutionProperties) = preSolution
		HideSolutionNode = FALSE
	EndGlobalSection
	GlobalSection(ExtensibilityGlobals) = postSolution
		SolutionGuid = {43D56E20-BCAC-46DB-8276-D11EDA6DBB1E}
	EndGlobalSection
EndGlobal
